<Solution>
  <Configurations>
    <Platform Name="x64" />
    <Platform Name="x86" />
  </Configurations>
  <Project Path="ECHO_EDITOR/ECHO_EDITOR.vcxproj" Id="655e86e2-87b5-411a-b511-c3afc4161908" />
  <Project Path="ECHO_UTILITIES/ECHO_UTILITIES.vcxproj" Id="04493297-1a07-4364-9365-1f6916997fc1" />
  <Project Path="ECHO_WINDOW/ECHO_WINDOW.vcxproj" Id="865b8956-2d51-48a1-a9b2-a46208397f10" />
  <Project Path="GLAD/GLAD.vcxproj" Id="ef57e67f-34df-4ce8-9df0-e878e4b4aa1d" />
  <Project Path="SOIL/SOIL.vcxproj" Id="649d7631-de10-48e9-abb3-6cb8b22e5029" />
</Solution>
